// !$*UTF8*$!
{
	archiveVersion = 1;
	classes = {
	};
	objectVersion = 55;
	objects = {

/* Begin PBXBuildFile section */
		C047DCB728BE8923002BE948 /* BaseModel.swift in Sources */ = {isa = PBXBuildFile; fileRef = C047DCB628BE8923002BE948 /* BaseModel.swift */; };
		C047DCBB28BE89CC002BE948 /* LocalService.swift in Sources */ = {isa = PBXBuildFile; fileRef = C047DCBA28BE89CC002BE948 /* LocalService.swift */; };
		C0C183A228BD31D3006AF715 /* AppDelegate.swift in Sources */ = {isa = PBXBuildFile; fileRef = C0C183A128BD31D3006AF715 /* AppDelegate.swift */; };
		C0C183A428BD31D3006AF715 /* SceneDelegate.swift in Sources */ = {isa = PBXBuildFile; fileRef = C0C183A328BD31D3006AF715 /* SceneDelegate.swift */; };
		C0C183A928BD31D3006AF715 /* Main.storyboard in Resources */ = {isa = PBXBuildFile; fileRef = C0C183A728BD31D3006AF715 /* Main.storyboard */; };
		C0C183AB28BD31D4006AF715 /* Assets.xcassets in Resources */ = {isa = PBXBuildFile; fileRef = C0C183AA28BD31D4006AF715 /* Assets.xcassets */; };
		C0C183AE28BD31D4006AF715 /* LaunchScreen.storyboard in Resources */ = {isa = PBXBuildFile; fileRef = C0C183AC28BD31D4006AF715 /* LaunchScreen.storyboard */; };
		C0C183BA28BD34B1006AF715 /* TabBarController.swift in Sources */ = {isa = PBXBuildFile; fileRef = C0C183B928BD34B1006AF715 /* TabBarController.swift */; };
		C0C183BC28BD351F006AF715 /* TabBarPresenter.swift in Sources */ = {isa = PBXBuildFile; fileRef = C0C183BB28BD351F006AF715 /* TabBarPresenter.swift */; };
		C0C183BE28BD3528006AF715 /* TabBarRouter.swift in Sources */ = {isa = PBXBuildFile; fileRef = C0C183BD28BD3528006AF715 /* TabBarRouter.swift */; };
		C0C183C328BD37BF006AF715 /* HomeViewController.swift in Sources */ = {isa = PBXBuildFile; fileRef = C0C183C228BD37BF006AF715 /* HomeViewController.swift */; };
		C0C183C528BD37CB006AF715 /* HomePresenter.swift in Sources */ = {isa = PBXBuildFile; fileRef = C0C183C428BD37CB006AF715 /* HomePresenter.swift */; };
		C0C183C728BD37E2006AF715 /* HomeInteractor.swift in Sources */ = {isa = PBXBuildFile; fileRef = C0C183C628BD37E2006AF715 /* HomeInteractor.swift */; };
		C0C183C928BD37E8006AF715 /* HomeRouter.swift in Sources */ = {isa = PBXBuildFile; fileRef = C0C183C828BD37E8006AF715 /* HomeRouter.swift */; };
		C0C183CC28BD3B84006AF715 /* BaseCollectionViewCell.swift in Sources */ = {isa = PBXBuildFile; fileRef = C0C183CB28BD3B84006AF715 /* BaseCollectionViewCell.swift */; };
/* End PBXBuildFile section */

/* Begin PBXFileReference section */
		C047DCB628BE8923002BE948 /* BaseModel.swift */ = {isa = PBXFileReference; lastKnownFileType = sourcecode.swift; path = BaseModel.swift; sourceTree = "<group>"; };
		C047DCBA28BE89CC002BE948 /* LocalService.swift */ = {isa = PBXFileReference; lastKnownFileType = sourcecode.swift; path = LocalService.swift; sourceTree = "<group>"; };
		C0C1839E28BD31D3006AF715 /* Viper-Example.app */ = {isa = PBXFileReference; explicitFileType = wrapper.application; includeInIndex = 0; path = "Viper-Example.app"; sourceTree = BUILT_PRODUCTS_DIR; };
		C0C183A128BD31D3006AF715 /* AppDelegate.swift */ = {isa = PBXFileReference; lastKnownFileType = sourcecode.swift; path = AppDelegate.swift; sourceTree = "<group>"; };
		C0C183A328BD31D3006AF715 /* SceneDelegate.swift */ = {isa = PBXFileReference; lastKnownFileType = sourcecode.swift; path = SceneDelegate.swift; sourceTree = "<group>"; };
		C0C183A828BD31D3006AF715 /* Base */ = {isa = PBXFileReference; lastKnownFileType = file.storyboard; name = Base; path = Base.lproj/Main.storyboard; sourceTree = "<group>"; };
		C0C183AA28BD31D4006AF715 /* Assets.xcassets */ = {isa = PBXFileReference; lastKnownFileType = folder.assetcatalog; path = Assets.xcassets; sourceTree = "<group>"; };
		C0C183AD28BD31D4006AF715 /* Base */ = {isa = PBXFileReference; lastKnownFileType = file.storyboard; name = Base; path = Base.lproj/LaunchScreen.storyboard; sourceTree = "<group>"; };
		C0C183AF28BD31D4006AF715 /* Info.plist */ = {isa = PBXFileReference; lastKnownFileType = text.plist.xml; path = Info.plist; sourceTree = "<group>"; };
		C0C183B928BD34B1006AF715 /* TabBarController.swift */ = {isa = PBXFileReference; lastKnownFileType = sourcecode.swift; path = TabBarController.swift; sourceTree = "<group>"; };
		C0C183BB28BD351F006AF715 /* TabBarPresenter.swift */ = {isa = PBXFileReference; lastKnownFileType = sourcecode.swift; path = TabBarPresenter.swift; sourceTree = "<group>"; };
		C0C183BD28BD3528006AF715 /* TabBarRouter.swift */ = {isa = PBXFileReference; lastKnownFileType = sourcecode.swift; path = TabBarRouter.swift; sourceTree = "<group>"; };
		C0C183C228BD37BF006AF715 /* HomeViewController.swift */ = {isa = PBXFileReference; lastKnownFileType = sourcecode.swift; path = HomeViewController.swift; sourceTree = "<group>"; };
		C0C183C428BD37CB006AF715 /* HomePresenter.swift */ = {isa = PBXFileReference; lastKnownFileType = sourcecode.swift; path = HomePresenter.swift; sourceTree = "<group>"; };
		C0C183C628BD37E2006AF715 /* HomeInteractor.swift */ = {isa = PBXFileReference; lastKnownFileType = sourcecode.swift; path = HomeInteractor.swift; sourceTree = "<group>"; };
		C0C183C828BD37E8006AF715 /* HomeRouter.swift */ = {isa = PBXFileReference; lastKnownFileType = sourcecode.swift; path = HomeRouter.swift; sourceTree = "<group>"; };
		C0C183CB28BD3B84006AF715 /* BaseCollectionViewCell.swift */ = {isa = PBXFileReference; lastKnownFileType = sourcecode.swift; path = BaseCollectionViewCell.swift; sourceTree = "<group>"; };
/* End PBXFileReference section */

/* Begin PBXFrameworksBuildPhase section */
		C0C1839B28BD31D3006AF715 /* Frameworks */ = {
			isa = PBXFrameworksBuildPhase;
			buildActionMask = 2147483647;
			files = (
			);
			runOnlyForDeploymentPostprocessing = 0;
		};
/* End PBXFrameworksBuildPhase section */

/* Begin PBXGroup section */
		C047DCB528BE8910002BE948 /* Models */ = {
			isa = PBXGroup;
			children = (
				C047DCB628BE8923002BE948 /* BaseModel.swift */,
			);
			path = Models;
			sourceTree = "<group>";
		};
		C047DCB928BE89C2002BE948 /* Services */ = {
			isa = PBXGroup;
			children = (
				C047DCBA28BE89CC002BE948 /* LocalService.swift */,
			);
			path = Services;
			sourceTree = "<group>";
		};
		C0C1839528BD31D3006AF715 = {
			isa = PBXGroup;
			children = (
				C0C183A028BD31D3006AF715 /* Viper-Example */,
				C0C1839F28BD31D3006AF715 /* Products */,
			);
			sourceTree = "<group>";
		};
		C0C1839F28BD31D3006AF715 /* Products */ = {
			isa = PBXGroup;
			children = (
				C0C1839E28BD31D3006AF715 /* Viper-Example.app */,
			);
			name = Products;
			sourceTree = "<group>";
		};
		C0C183A028BD31D3006AF715 /* Viper-Example */ = {
			isa = PBXGroup;
			children = (
				C047DCB928BE89C2002BE948 /* Services */,
				C047DCB528BE8910002BE948 /* Models */,
				C0C183B728BD3480006AF715 /* Modules */,
				C0C183B628BD3407006AF715 /* Storyboards */,
				C0C183B528BD33E8006AF715 /* Core */,
				C0C183AA28BD31D4006AF715 /* Assets.xcassets */,
				C0C183AF28BD31D4006AF715 /* Info.plist */,
			);
			path = "Viper-Example";
			sourceTree = "<group>";
		};
		C0C183B528BD33E8006AF715 /* Core */ = {
			isa = PBXGroup;
			children = (
				C0C183A128BD31D3006AF715 /* AppDelegate.swift */,
				C0C183A328BD31D3006AF715 /* SceneDelegate.swift */,
			);
			path = Core;
			sourceTree = "<group>";
		};
		C0C183B628BD3407006AF715 /* Storyboards */ = {
			isa = PBXGroup;
			children = (
				C0C183A728BD31D3006AF715 /* Main.storyboard */,
				C0C183AC28BD31D4006AF715 /* LaunchScreen.storyboard */,
			);
			path = Storyboards;
			sourceTree = "<group>";
		};
		C0C183B728BD3480006AF715 /* Modules */ = {
			isa = PBXGroup;
			children = (
				C0C183BF28BD3791006AF715 /* Home */,
				C0C183B828BD3486006AF715 /* TabBar */,
			);
			path = Modules;
			sourceTree = "<group>";
		};
		C0C183B828BD3486006AF715 /* TabBar */ = {
			isa = PBXGroup;
			children = (
				C0C183B928BD34B1006AF715 /* TabBarController.swift */,
				C0C183BB28BD351F006AF715 /* TabBarPresenter.swift */,
				C0C183BD28BD3528006AF715 /* TabBarRouter.swift */,
			);
			path = TabBar;
			sourceTree = "<group>";
		};
		C0C183BF28BD3791006AF715 /* Home */ = {
			isa = PBXGroup;
			children = (
				C0C183CA28BD3B72006AF715 /* View */,
				C0C183C228BD37BF006AF715 /* HomeViewController.swift */,
				C0C183C428BD37CB006AF715 /* HomePresenter.swift */,
				C0C183C628BD37E2006AF715 /* HomeInteractor.swift */,
				C0C183C828BD37E8006AF715 /* HomeRouter.swift */,
			);
			path = Home;
			sourceTree = "<group>";
		};
		C0C183CA28BD3B72006AF715 /* View */ = {
			isa = PBXGroup;
			children = (
				C0C183CB28BD3B84006AF715 /* BaseCollectionViewCell.swift */,
			);
			path = View;
			sourceTree = "<group>";
		};
/* End PBXGroup section */

/* Begin PBXNativeTarget section */
		C0C1839D28BD31D3006AF715 /* Viper-Example */ = {
			isa = PBXNativeTarget;
			buildConfigurationList = C0C183B228BD31D4006AF715 /* Build configuration list for PBXNativeTarget "Viper-Example" */;
			buildPhases = (
				C0C1839A28BD31D3006AF715 /* Sources */,
				C0C1839B28BD31D3006AF715 /* Frameworks */,
				C0C1839C28BD31D3006AF715 /* Resources */,
			);
			buildRules = (
			);
			dependencies = (
			);
			name = "Viper-Example";
			productName = "Viper-Example";
			productReference = C0C1839E28BD31D3006AF715 /* Viper-Example.app */;
			productType = "com.apple.product-type.application";
		};
/* End PBXNativeTarget section */

/* Begin PBXProject section */
		C0C1839628BD31D3006AF715 /* Project object */ = {
			isa = PBXProject;
			attributes = {
				BuildIndependentTargetsInParallel = 1;
				LastSwiftUpdateCheck = 1340;
				LastUpgradeCheck = 1340;
				TargetAttributes = {
					C0C1839D28BD31D3006AF715 = {
						CreatedOnToolsVersion = 13.4.1;
					};
				};
			};
			buildConfigurationList = C0C1839928BD31D3006AF715 /* Build configuration list for PBXProject "Viper-Example" */;
			compatibilityVersion = "Xcode 13.0";
			developmentRegion = en;
			hasScannedForEncodings = 0;
			knownRegions = (
				en,
				Base,
			);
			mainGroup = C0C1839528BD31D3006AF715;
			productRefGroup = C0C1839F28BD31D3006AF715 /* Products */;
			projectDirPath = "";
			projectRoot = "";
			targets = (
				C0C1839D28BD31D3006AF715 /* Viper-Example */,
			);
		};
/* End PBXProject section */

/* Begin PBXResourcesBuildPhase section */
		C0C1839C28BD31D3006AF715 /* Resources */ = {
			isa = PBXResourcesBuildPhase;
			buildActionMask = 2147483647;
			files = (
				C0C183AE28BD31D4006AF715 /* LaunchScreen.storyboard in Resources */,
				C0C183AB28BD31D4006AF715 /* Assets.xcassets in Resources */,
				C0C183A928BD31D3006AF715 /* Main.storyboard in Resources */,
			);
			runOnlyForDeploymentPostprocessing = 0;
		};
/* End PBXResourcesBuildPhase section */

/* Begin PBXSourcesBuildPhase section */
		C0C1839A28BD31D3006AF715 /* Sources */ = {
			isa = PBXSourcesBuildPhase;
			buildActionMask = 2147483647;
			files = (
				C047DCBB28BE89CC002BE948 /* LocalService.swift in Sources */,
				C0C183C528BD37CB006AF715 /* HomePresenter.swift in Sources */,
				C0C183BC28BD351F006AF715 /* TabBarPresenter.swift in Sources */,
				C047DCB728BE8923002BE948 /* BaseModel.swift in Sources */,
				C0C183BA28BD34B1006AF715 /* TabBarController.swift in Sources */,
				C0C183C728BD37E2006AF715 /* HomeInteractor.swift in Sources */,
				C0C183A228BD31D3006AF715 /* AppDelegate.swift in Sources */,
				C0C183CC28BD3B84006AF715 /* BaseCollectionViewCell.swift in Sources */,
				C0C183A428BD31D3006AF715 /* SceneDelegate.swift in Sources */,
				C0C183BE28BD3528006AF715 /* TabBarRouter.swift in Sources */,
				C0C183C928BD37E8006AF715 /* HomeRouter.swift in Sources */,
				C0C183C328BD37BF006AF715 /* HomeViewController.swift in Sources */,
			);
			runOnlyForDeploymentPostprocessing = 0;
		};
/* End PBXSourcesBuildPhase section */

/* Begin PBXVariantGroup section */
		C0C183A728BD31D3006AF715 /* Main.storyboard */ = {
			isa = PBXVariantGroup;
			children = (
				C0C183A828BD31D3006AF715 /* Base */,
			);
			name = Main.storyboard;
			sourceTree = "<group>";
		};
		C0C183AC28BD31D4006AF715 /* LaunchScreen.storyboard */ = {
			isa = PBXVariantGroup;
			children = (
				C0C183AD28BD31D4006AF715 /* Base */,
			);
			name = LaunchScreen.storyboard;
			sourceTree = "<group>";
		};
/* End PBXVariantGroup section */

/* Begin XCBuildConfiguration section */
		C0C183B028BD31D4006AF715 /* Debug */ = {
			isa = XCBuildConfiguration;
			buildSettings = {
				ALWAYS_SEARCH_USER_PATHS = NO;
				CLANG_ANALYZER_NONNULL = YES;
				CLANG_ANALYZER_NUMBER_OBJECT_CONVERSION = YES_AGGRESSIVE;
				CLANG_CXX_LANGUAGE_STANDARD = "gnu++17";
				CLANG_ENABLE_MODULES = YES;
				CLANG_ENABLE_OBJC_ARC = YES;
				CLANG_ENABLE_OBJC_WEAK = YES;
				CLANG_WARN_BLOCK_CAPTURE_AUTORELEASING = YES;
				CLANG_WARN_BOOL_CONVERSION = YES;
				CLANG_WARN_COMMA = YES;
				CLANG_WARN_CONSTANT_CONVERSION = YES;
				CLANG_WARN_DEPRECATED_OBJC_IMPLEMENTATIONS = YES;
				CLANG_WARN_DIRECT_OBJC_ISA_USAGE = YES_ERROR;
				CLANG_WARN_DOCUMENTATION_COMMENTS = YES;
				CLANG_WARN_EMPTY_BODY = YES;
				CLANG_WARN_ENUM_CONVERSION = YES;
				CLANG_WARN_INFINITE_RECURSION = YES;
				CLANG_WARN_INT_CONVERSION = YES;
				CLANG_WARN_NON_LITERAL_NULL_CONVERSION = YES;
				CLANG_WARN_OBJC_IMPLICIT_RETAIN_SELF = YES;
				CLANG_WARN_OBJC_LITERAL_CONVERSION = YES;
				CLANG_WARN_OBJC_ROOT_CLASS = YES_ERROR;
				CLANG_WARN_QUOTED_INCLUDE_IN_FRAMEWORK_HEADER = YES;
				CLANG_WARN_RANGE_LOOP_ANALYSIS = YES;
				CLANG_WARN_STRICT_PROTOTYPES = YES;
				CLANG_WARN_SUSPICIOUS_MOVE = YES;
				CLANG_WARN_UNGUARDED_AVAILABILITY = YES_AGGRESSIVE;
				CLANG_WARN_UNREACHABLE_CODE = YES;
				CLANG_WARN__DUPLICATE_METHOD_MATCH = YES;
				COPY_PHASE_STRIP = NO;
				DEBUG_INFORMATION_FORMAT = dwarf;
				ENABLE_STRICT_OBJC_MSGSEND = YES;
				ENABLE_TESTABILITY = YES;
				GCC_C_LANGUAGE_STANDARD = gnu11;
				GCC_DYNAMIC_NO_PIC = NO;
				GCC_NO_COMMON_BLOCKS = YES;
				GCC_OPTIMIZATION_LEVEL = 0;
				GCC_PREPROCESSOR_DEFINITIONS = (
					"DEBUG=1",
					"$(inherited)",
				);
				GCC_WARN_64_TO_32_BIT_CONVERSION = YES;
				GCC_WARN_ABOUT_RETURN_TYPE = YES_ERROR;
				GCC_WARN_UNDECLARED_SELECTOR = YES;
				GCC_WARN_UNINITIALIZED_AUTOS = YES_AGGRESSIVE;
				GCC_WARN_UNUSED_FUNCTION = YES;
				GCC_WARN_UNUSED_VARIABLE = YES;
				IPHONEOS_DEPLOYMENT_TARGET = 15.5;
				MTL_ENABLE_DEBUG_INFO = INCLUDE_SOURCE;
				MTL_FAST_MATH = YES;
				ONLY_ACTIVE_ARCH = YES;
				SDKROOT = iphoneos;
				SWIFT_ACTIVE_COMPILATION_CONDITIONS = DEBUG;
				SWIFT_OPTIMIZATION_LEVEL = "-Onone";
			};
			name = Debug;
		};
		C0C183B128BD31D4006AF715 /* Release */ = {
			isa = XCBuildConfiguration;
			buildSettings = {
				ALWAYS_SEARCH_USER_PATHS = NO;
				CLANG_ANALYZER_NONNULL = YES;
				CLANG_ANALYZER_NUMBER_OBJECT_CONVERSION = YES_AGGRESSIVE;
				CLANG_CXX_LANGUAGE_STANDARD = "gnu++17";
				CLANG_ENABLE_MODULES = YES;
				CLANG_ENABLE_OBJC_ARC = YES;
				CLANG_ENABLE_OBJC_WEAK = YES;
				CLANG_WARN_BLOCK_CAPTURE_AUTORELEASING = YES;
				CLANG_WARN_BOOL_CONVERSION = YES;
				CLANG_WARN_COMMA = YES;
				CLANG_WARN_CONSTANT_CONVERSION = YES;
				CLANG_WARN_DEPRECATED_OBJC_IMPLEMENTATIONS = YES;
				CLANG_WARN_DIRECT_OBJC_ISA_USAGE = YES_ERROR;
				CLANG_WARN_DOCUMENTATION_COMMENTS = YES;
				CLANG_WARN_EMPTY_BODY = YES;
				CLANG_WARN_ENUM_CONVERSION = YES;
				CLANG_WARN_INFINITE_RECURSION = YES;
				CLANG_WARN_INT_CONVERSION = YES;
				CLANG_WARN_NON_LITERAL_NULL_CONVERSION = YES;
				CLANG_WARN_OBJC_IMPLICIT_RETAIN_SELF = YES;
				CLANG_WARN_OBJC_LITERAL_CONVERSION = YES;
				CLANG_WARN_OBJC_ROOT_CLASS = YES_ERROR;
				CLANG_WARN_QUOTED_INCLUDE_IN_FRAMEWORK_HEADER = YES;
				CLANG_WARN_RANGE_LOOP_ANALYSIS = YES;
				CLANG_WARN_STRICT_PROTOTYPES = YES;
				CLANG_WARN_SUSPICIOUS_MOVE = YES;
				CLANG_WARN_UNGUARDED_AVAILABILITY = YES_AGGRESSIVE;
				CLANG_WARN_UNREACHABLE_CODE = YES;
				CLANG_WARN__DUPLICATE_METHOD_MATCH = YES;
				COPY_PHASE_STRIP = NO;
				DEBUG_INFORMATION_FORMAT = "dwarf-with-dsym";
				ENABLE_NS_ASSERTIONS = NO;
				ENABLE_STRICT_OBJC_MSGSEND = YES;
				GCC_C_LANGUAGE_STANDARD = gnu11;
				GCC_NO_COMMON_BLOCKS = YES;
				GCC_WARN_64_TO_32_BIT_CONVERSION = YES;
				GCC_WARN_ABOUT_RETURN_TYPE = YES_ERROR;
				GCC_WARN_UNDECLARED_SELECTOR = YES;
				GCC_WARN_UNINITIALIZED_AUTOS = YES_AGGRESSIVE;
				GCC_WARN_UNUSED_FUNCTION = YES;
				GCC_WARN_UNUSED_VARIABLE = YES;
				IPHONEOS_DEPLOYMENT_TARGET = 15.5;
				MTL_ENABLE_DEBUG_INFO = NO;
				MTL_FAST_MATH = YES;
				SDKROOT = iphoneos;
				SWIFT_COMPILATION_MODE = wholemodule;
				SWIFT_OPTIMIZATION_LEVEL = "-O";
				VALIDATE_PRODUCT = YES;
			};
			name = Release;
		};
		C0C183B328BD31D4006AF715 /* Debug */ = {
			isa = XCBuildConfiguration;
			buildSettings = {
				ASSETCATALOG_COMPILER_APPICON_NAME = AppIcon;
				ASSETCATALOG_COMPILER_GLOBAL_ACCENT_COLOR_NAME = AccentColor;
				CODE_SIGN_STYLE = Automatic;
				CURRENT_PROJECT_VERSION = 1;
				DEVELOPMENT_TEAM = 6PALB6K8YY;
				GENERATE_INFOPLIST_FILE = YES;
				INFOPLIST_FILE = "Viper-Example/Info.plist";
				INFOPLIST_KEY_UIApplicationSupportsIndirectInputEvents = YES;
				INFOPLIST_KEY_UILaunchStoryboardName = LaunchScreen;
				INFOPLIST_KEY_UIMainStoryboardFile = Main;
				INFOPLIST_KEY_UISupportedInterfaceOrientations_iPad = "UIInterfaceOrientationPortrait UIInterfaceOrientationPortraitUpsideDown UIInterfaceOrientationLandscapeLeft UIInterfaceOrientationLandscapeRight";
				INFOPLIST_KEY_UISupportedInterfaceOrientations_iPhone = "UIInterfaceOrientationPortrait UIInterfaceOrientationLandscapeLeft UIInterfaceOrientationLandscapeRight";
				LD_RUNPATH_SEARCH_PATHS = (
					"$(inherited)",
					"@executable_path/Frameworks",
				);
				MARKETING_VERSION = 1.0;
				PRODUCT_BUNDLE_IDENTIFIER = "com.devmehmetates.Viper-Example";
				PRODUCT_NAME = "$(TARGET_NAME)";
				SWIFT_EMIT_LOC_STRINGS = YES;
				SWIFT_VERSION = 5.0;
				TARGETED_DEVICE_FAMILY = "1,2";
			};
			name = Debug;
		};
		C0C183B428BD31D4006AF715 /* Release */ = {
			isa = XCBuildConfiguration;
			buildSettings = {
				ASSETCATALOG_COMPILER_APPICON_NAME = AppIcon;
				ASSETCATALOG_COMPILER_GLOBAL_ACCENT_COLOR_NAME = AccentColor;
				CODE_SIGN_STYLE = Automatic;
				CURRENT_PROJECT_VERSION = 1;
				DEVELOPMENT_TEAM = 6PALB6K8YY;
				GENERATE_INFOPLIST_FILE = YES;
				INFOPLIST_FILE = "Viper-Example/Info.plist";
				INFOPLIST_KEY_UIApplicationSupportsIndirectInputEvents = YES;
				INFOPLIST_KEY_UILaunchStoryboardName = LaunchScreen;
				INFOPLIST_KEY_UIMainStoryboardFile = Main;
				INFOPLIST_KEY_UISupportedInterfaceOrientations_iPad = "UIInterfaceOrientationPortrait UIInterfaceOrientationPortraitUpsideDown UIInterfaceOrientationLandscapeLeft UIInterfaceOrientationLandscapeRight";
				INFOPLIST_KEY_UISupportedInterfaceOrientations_iPhone = "UIInterfaceOrientationPortrait UIInterfaceOrientationLandscapeLeft UIInterfaceOrientationLandscapeRight";
				LD_RUNPATH_SEARCH_PATHS = (
					"$(inherited)",
					"@executable_path/Frameworks",
				);
				MARKETING_VERSION = 1.0;
				PRODUCT_BUNDLE_IDENTIFIER = "com.devmehmetates.Viper-Example";
				PRODUCT_NAME = "$(TARGET_NAME)";
				SWIFT_EMIT_LOC_STRINGS = YES;
				SWIFT_VERSION = 5.0;
				TARGETED_DEVICE_FAMILY = "1,2";
			};
			name = Release;
		};
/* End XCBuildConfiguration section */

/* Begin XCConfigurationList section */
		C0C1839928BD31D3006AF715 /* Build configuration list for PBXProject "Viper-Example" */ = {
			isa = XCConfigurationList;
			buildConfigurations = (
				C0C183B028BD31D4006AF715 /* Debug */,
				C0C183B128BD31D4006AF715 /* Release */,
			);
			defaultConfigurationIsVisible = 0;
			defaultConfigurationName = Release;
		};
		C0C183B228BD31D4006AF715 /* Build configuration list for PBXNativeTarget "Viper-Example" */ = {
			isa = XCConfigurationList;
			buildConfigurations = (
				C0C183B328BD31D4006AF715 /* Debug */,
				C0C183B428BD31D4006AF715 /* Release */,
			);
			defaultConfigurationIsVisible = 0;
			defaultConfigurationName = Release;
		};
/* End XCConfigurationList section */
	};
	rootObject = C0C1839628BD31D3006AF715 /* Project object */;
}
